
Microsoft Visual Studio Solution File, Format Version 12.00
# Visual Studio Version 17
VisualStudioVersion = 17.6.33723.286
MinimumVisualStudioVersion = 10.0.40219.1
Project("{FAE04EC0-301F-11D3-BF4B-00C04F79EFBC}") = "CarStory", "CarStory.csproj", "{B0A67EEA-E549-4459-9C80-5D9F834E841C}"
EndProject
Global
	GlobalSection(SolutionConfigurationPlatforms) = preSolution
		Debug|Any CPU = Debug|Any CPU
		Release|Any CPU = Release|Any CPU
	EndGlobalSection
	GlobalSection(ProjectConfigurationPlatforms) = postSolution
		{B0A67EEA-E549-4459-9C80-5D9F834E841C}.Debug|Any CPU.ActiveCfg = Debug|Any CPU
		{B0A67EEA-E549-4459-9C80-5D9F834E841C}.Debug|Any CPU.Build.0 = Debug|Any CPU
		{B0A67EEA-E549-4459-9C80-5D9F834E841C}.Release|Any CPU.ActiveCfg = Release|Any CPU
		{B0A67EEA-E549-4459-9C80-5D9F834E841C}.Release|Any CPU.Build.0 = Release|Any CPU
	EndGlobalSection
	GlobalSection(SolutionProperties) = preSolution
		HideSolutionNode = FALSE
	EndGlobalSection
	GlobalSection(ExtensibilityGlobals) = postSolution
		SolutionGuid = {6509B71B-B738-4BBD-A4EE-C00F88C58D78}
	EndGlobalSection
EndGlobal
